{
  "name": "get-name",
  "version": "1.0.0",
  "lockfileVersion": 1,
  "requires": true,
  "dependencies": {
    "lambda.lenses": {
      "version": "1.0.0",
      "resolved": "https://registry.npmjs.org/lambda.lenses/-/lambda.lenses-1.0.0.tgz",
      "integrity": "sha512-2+i4kr9FQ/U7UYzsG6RF/YKNa7qj4hpHK+hUt0OOxR5IdqTDVwUFx8HPuTIBrhUr7v3IKPRsX4cQZLYp0Qdxvg=="
    }
  }
}
